
Microsoft Visual Studio Solution File, Format Version 12.00
# Visual Studio Version 17
VisualStudioVersion = 17.8.34316.72
MinimumVisualStudioVersion = 10.0.40219.1
Project("{8BC9CEB8-8B4A-11D0-8D11-00A0C91BC942}") = "ControlStructures", "ControlStructures\ControlStructures.vcxproj", "{863DAF14-D861-4D3A-9C17-4E1A839A626C}"
EndProject
Project("{8BC9CEB8-8B4A-11D0-8D11-00A0C91BC942}") = "Shooter", "Shooter\Shooter.vcxproj", "{3F41F90E-C3DF-493E-A4F1-03BC87D3117B}"
EndProject
Project("{8BC9CEB8-8B4A-11D0-8D11-00A0C91BC942}") = "Calc", "Calc\Calc.vcxproj", "{930B7296-A2CA-4787-BB9B-F0CF2C9674CF}"
EndProject
Project("{8BC9CEB8-8B4A-11D0-8D11-00A0C91BC942}") = "FOR", "FOR\FOR.vcxproj", "{882735D9-B6BB-4EAB-9D68-11171A16EC8D}"
EndProject
Project("{8BC9CEB8-8B4A-11D0-8D11-00A0C91BC942}") = "Geometry", "Geometry\Geometry.vcxproj", "{8EF45F52-F8E4-4DF7-A1D8-102D50F60F02}"
EndProject
Project("{8BC9CEB8-8B4A-11D0-8D11-00A0C91BC942}") = "CHESS", "CHESS\CHESS.vcxproj", "{4912B68C-99EA-4CF5-A498-2F3F07D05C60}"
EndProject
Project("{8BC9CEB8-8B4A-11D0-8D11-00A0C91BC942}") = "HARDCHESS", "HARDCHESS\HARDCHESS.vcxproj", "{9F0A27EF-368C-4174-B6E9-53A31C82B472}"
EndProject
Project("{8BC9CEB8-8B4A-11D0-8D11-00A0C91BC942}") = "PASCALTRIAGLE", "PASCALTRIAGLE\PASCALTRIAGLE.vcxproj", "{26E215BD-1EBD-4E2A-A379-ADB53574068C}"
EndProject
Project("{8BC9CEB8-8B4A-11D0-8D11-00A0C91BC942}") = "HardChess2", "HardChess2\HardChess2.vcxproj", "{F5A65C21-329B-45FC-92CD-83E3DA837A77}"
EndProject
Global
	GlobalSection(SolutionConfigurationPlatforms) = preSolution
		Debug|x64 = Debug|x64
		Debug|x86 = Debug|x86
		Release|x64 = Release|x64
		Release|x86 = Release|x86
	EndGlobalSection
	GlobalSection(ProjectConfigurationPlatforms) = postSolution
		{863DAF14-D861-4D3A-9C17-4E1A839A626C}.Debug|x64.ActiveCfg = Debug|x64
		{863DAF14-D861-4D3A-9C17-4E1A839A626C}.Debug|x64.Build.0 = Debug|x64
		{863DAF14-D861-4D3A-9C17-4E1A839A626C}.Debug|x86.ActiveCfg = Debug|Win32
		{863DAF14-D861-4D3A-9C17-4E1A839A626C}.Debug|x86.Build.0 = Debug|Win32
		{863DAF14-D861-4D3A-9C17-4E1A839A626C}.Release|x64.ActiveCfg = Release|x64
		{863DAF14-D861-4D3A-9C17-4E1A839A626C}.Release|x64.Build.0 = Release|x64
		{863DAF14-D861-4D3A-9C17-4E1A839A626C}.Release|x86.ActiveCfg = Release|Win32
		{863DAF14-D861-4D3A-9C17-4E1A839A626C}.Release|x86.Build.0 = Release|Win32
		{3F41F90E-C3DF-493E-A4F1-03BC87D3117B}.Debug|x64.ActiveCfg = Debug|x64
		{3F41F90E-C3DF-493E-A4F1-03BC87D3117B}.Debug|x64.Build.0 = Debug|x64
		{3F41F90E-C3DF-493E-A4F1-03BC87D3117B}.Debug|x86.ActiveCfg = Debug|Win32
		{3F41F90E-C3DF-493E-A4F1-03BC87D3117B}.Debug|x86.Build.0 = Debug|Win32
		{3F41F90E-C3DF-493E-A4F1-03BC87D3117B}.Release|x64.ActiveCfg = Release|x64
		{3F41F90E-C3DF-493E-A4F1-03BC87D3117B}.Release|x64.Build.0 = Release|x64
		{3F41F90E-C3DF-493E-A4F1-03BC87D3117B}.Release|x86.ActiveCfg = Release|Win32
		{3F41F90E-C3DF-493E-A4F1-03BC87D3117B}.Release|x86.Build.0 = Release|Win32
		{930B7296-A2CA-4787-BB9B-F0CF2C9674CF}.Debug|x64.ActiveCfg = Debug|x64
		{930B7296-A2CA-4787-BB9B-F0CF2C9674CF}.Debug|x64.Build.0 = Debug|x64
		{930B7296-A2CA-4787-BB9B-F0CF2C9674CF}.Debug|x86.ActiveCfg = Debug|Win32
		{930B7296-A2CA-4787-BB9B-F0CF2C9674CF}.Debug|x86.Build.0 = Debug|Win32
		{930B7296-A2CA-4787-BB9B-F0CF2C9674CF}.Release|x64.ActiveCfg = Release|x64
		{930B7296-A2CA-4787-BB9B-F0CF2C9674CF}.Release|x64.Build.0 = Release|x64
		{930B7296-A2CA-4787-BB9B-F0CF2C9674CF}.Release|x86.ActiveCfg = Release|Win32
		{930B7296-A2CA-4787-BB9B-F0CF2C9674CF}.Release|x86.Build.0 = Release|Win32
		{882735D9-B6BB-4EAB-9D68-11171A16EC8D}.Debug|x64.ActiveCfg = Debug|x64
		{882735D9-B6BB-4EAB-9D68-11171A16EC8D}.Debug|x64.Build.0 = Debug|x64
		{882735D9-B6BB-4EAB-9D68-11171A16EC8D}.Debug|x86.ActiveCfg = Debug|Win32
		{882735D9-B6BB-4EAB-9D68-11171A16EC8D}.Debug|x86.Build.0 = Debug|Win32
		{882735D9-B6BB-4EAB-9D68-11171A16EC8D}.Release|x64.ActiveCfg = Release|x64
		{882735D9-B6BB-4EAB-9D68-11171A16EC8D}.Release|x64.Build.0 = Release|x64
		{882735D9-B6BB-4EAB-9D68-11171A16EC8D}.Release|x86.ActiveCfg = Release|Win32
		{882735D9-B6BB-4EAB-9D68-11171A16EC8D}.Release|x86.Build.0 = Release|Win32
		{8EF45F52-F8E4-4DF7-A1D8-102D50F60F02}.Debug|x64.ActiveCfg = Debug|x64
		{8EF45F52-F8E4-4DF7-A1D8-102D50F60F02}.Debug|x64.Build.0 = Debug|x64
		{8EF45F52-F8E4-4DF7-A1D8-102D50F60F02}.Debug|x86.ActiveCfg = Debug|Win32
		{8EF45F52-F8E4-4DF7-A1D8-102D50F60F02}.Debug|x86.Build.0 = Debug|Win32
		{8EF45F52-F8E4-4DF7-A1D8-102D50F60F02}.Release|x64.ActiveCfg = Release|x64
		{8EF45F52-F8E4-4DF7-A1D8-102D50F60F02}.Release|x64.Build.0 = Release|x64
		{8EF45F52-F8E4-4DF7-A1D8-102D50F60F02}.Release|x86.ActiveCfg = Release|Win32
		{8EF45F52-F8E4-4DF7-A1D8-102D50F60F02}.Release|x86.Build.0 = Release|Win32
		{4912B68C-99EA-4CF5-A498-2F3F07D05C60}.Debug|x64.ActiveCfg = Debug|x64
		{4912B68C-99EA-4CF5-A498-2F3F07D05C60}.Debug|x64.Build.0 = Debug|x64
		{4912B68C-99EA-4CF5-A498-2F3F07D05C60}.Debug|x86.ActiveCfg = Debug|Win32
		{4912B68C-99EA-4CF5-A498-2F3F07D05C60}.Debug|x86.Build.0 = Debug|Win32
		{4912B68C-99EA-4CF5-A498-2F3F07D05C60}.Release|x64.ActiveCfg = Release|x64
		{4912B68C-99EA-4CF5-A498-2F3F07D05C60}.Release|x64.Build.0 = Release|x64
		{4912B68C-99EA-4CF5-A498-2F3F07D05C60}.Release|x86.ActiveCfg = Release|Win32
		{4912B68C-99EA-4CF5-A498-2F3F07D05C60}.Release|x86.Build.0 = Release|Win32
		{9F0A27EF-368C-4174-B6E9-53A31C82B472}.Debug|x64.ActiveCfg = Debug|x64
		{9F0A27EF-368C-4174-B6E9-53A31C82B472}.Debug|x64.Build.0 = Debug|x64
		{9F0A27EF-368C-4174-B6E9-53A31C82B472}.Debug|x86.ActiveCfg = Debug|Win32
		{9F0A27EF-368C-4174-B6E9-53A31C82B472}.Debug|x86.Build.0 = Debug|Win32
		{9F0A27EF-368C-4174-B6E9-53A31C82B472}.Release|x64.ActiveCfg = Release|x64
		{9F0A27EF-368C-4174-B6E9-53A31C82B472}.Release|x64.Build.0 = Release|x64
		{9F0A27EF-368C-4174-B6E9-53A31C82B472}.Release|x86.ActiveCfg = Release|Win32
		{9F0A27EF-368C-4174-B6E9-53A31C82B472}.Release|x86.Build.0 = Release|Win32
		{26E215BD-1EBD-4E2A-A379-ADB53574068C}.Debug|x64.ActiveCfg = Debug|x64
		{26E215BD-1EBD-4E2A-A379-ADB53574068C}.Debug|x64.Build.0 = Debug|x64
		{26E215BD-1EBD-4E2A-A379-ADB53574068C}.Debug|x86.ActiveCfg = Debug|Win32
		{26E215BD-1EBD-4E2A-A379-ADB53574068C}.Debug|x86.Build.0 = Debug|Win32
		{26E215BD-1EBD-4E2A-A379-ADB53574068C}.Release|x64.ActiveCfg = Release|x64
		{26E215BD-1EBD-4E2A-A379-ADB53574068C}.Release|x64.Build.0 = Release|x64
		{26E215BD-1EBD-4E2A-A379-ADB53574068C}.Release|x86.ActiveCfg = Release|Win32
		{26E215BD-1EBD-4E2A-A379-ADB53574068C}.Release|x86.Build.0 = Release|Win32
		{F5A65C21-329B-45FC-92CD-83E3DA837A77}.Debug|x64.ActiveCfg = Debug|x64
		{F5A65C21-329B-45FC-92CD-83E3DA837A77}.Debug|x64.Build.0 = Debug|x64
		{F5A65C21-329B-45FC-92CD-83E3DA837A77}.Debug|x86.ActiveCfg = Debug|Win32
		{F5A65C21-329B-45FC-92CD-83E3DA837A77}.Debug|x86.Build.0 = Debug|Win32
		{F5A65C21-329B-45FC-92CD-83E3DA837A77}.Release|x64.ActiveCfg = Release|x64
		{F5A65C21-329B-45FC-92CD-83E3DA837A77}.Release|x64.Build.0 = Release|x64
		{F5A65C21-329B-45FC-92CD-83E3DA837A77}.Release|x86.ActiveCfg = Release|Win32
		{F5A65C21-329B-45FC-92CD-83E3DA837A77}.Release|x86.Build.0 = Release|Win32
	EndGlobalSection
	GlobalSection(SolutionProperties) = preSolution
		HideSolutionNode = FALSE
	EndGlobalSection
	GlobalSection(ExtensibilityGlobals) = postSolution
		SolutionGuid = {D88B52D5-72A5-40EC-A54C-EC4ACB4AD3E2}
	EndGlobalSection
EndGlobal
